{
  "name": "@mceachen/sqlite-vec",
  "version": "0.4.0",
  "lockfileVersion": 3,
  "requires": true,
  "packages": {
    "": {
      "name": "@mceachen/sqlite-vec",
      "version": "0.4.0",
      "license": "(MIT OR Apache-2.0)",
      "os": [
        "darwin",
        "linux",
        "win32"
      ],
      "engines": {
        "node": ">=14.0.0"
      }
    }
  }
}
